
Microsoft Visual Studio Solution File, Format Version 12.00
# Visual Studio Version 17
VisualStudioVersion = 17.14.36414.22 d17.14
MinimumVisualStudioVersion = 10.0.40219.1
Project("{FAE04EC0-301F-11D3-BF4B-00C04F79EFBC}") = "Lab3Actity1", "Lab3Actity1\Lab3Actity1.csproj", "{1D0D143A-5F8B-4C52-B885-657F9D9808B7}"
EndProject
Global
	GlobalSection(SolutionConfigurationPlatforms) = preSolution
		Debug|Any CPU = Debug|Any CPU
		Release|Any CPU = Release|Any CPU
	EndGlobalSection
	GlobalSection(ProjectConfigurationPlatforms) = postSolution
		{1D0D143A-5F8B-4C52-B885-657F9D9808B7}.Debug|Any CPU.ActiveCfg = Debug|Any CPU
		{1D0D143A-5F8B-4C52-B885-657F9D9808B7}.Debug|Any CPU.Build.0 = Debug|Any CPU
		{1D0D143A-5F8B-4C52-B885-657F9D9808B7}.Release|Any CPU.ActiveCfg = Release|Any CPU
		{1D0D143A-5F8B-4C52-B885-657F9D9808B7}.Release|Any CPU.Build.0 = Release|Any CPU
	EndGlobalSection
	GlobalSection(SolutionProperties) = preSolution
		HideSolutionNode = FALSE
	EndGlobalSection
	GlobalSection(ExtensibilityGlobals) = postSolution
		SolutionGuid = {8B219C6A-D72E-4DAB-872B-0C0747038A87}
	EndGlobalSection
EndGlobal
